# This file is generated by running "yarn install" inside your project.
# Manual changes might be lost - proceed with caution!

__metadata:
  version: 4
  cacheKey: 7

"@editorjs/editorjs@npm:*":
  version: 2.22.3
  resolution: "@editorjs/editorjs@npm:2.22.3"
  dependencies:
    codex-notifier: ^1.1.2
    codex-tooltip: ^1.0.2
    nanoid: ^3.1.22
  checksum: a4232ea90760f07328414f5825d7ce42e990d7244460306efc4b202b7b89a44dc12af758570618db36852fdd3451f6ef81e7247cacd0846bcd86f7c249696643
  languageName: node
  linkType: hard

"@editorjs/paragraph@npm:*":
  version: 2.8.0
  resolution: "@editorjs/paragraph@npm:2.8.0"
  checksum: 5f782bddea2725b7f36237de90cce0584fa13996c37d05bfec54aca75b5b4ec3c1022b2daa971a23c54fc2dc4d6a931159f80afa27c6099c10450aafc836c93b
  languageName: node
  linkType: hard

"@npmcli/move-file@npm:^1.0.1":
  version: 1.1.2
  resolution: "@npmcli/move-file@npm:1.1.2"
  dependencies:
    mkdirp: ^1.0.4
    rimraf: ^3.0.2
  checksum: d178d86a0a96e5aa12e6d70c00d50eb3bb9a58c0cf1c36e1d7f240acb4ae3f14642c6314659c438ea409a509f08c2a62e29c9346a033e554c3f6921cdb293219
  languageName: node
  linkType: hard

"@react-editor-js/client@workspace:packages/@react-editor-js/client":
  version: 0.0.0-use.local
  resolution: "@react-editor-js/client@workspace:packages/@react-editor-js/client"
  dependencies:
    "@editorjs/editorjs": "*"
    "@editorjs/paragraph": "*"
    "@react-editor-js/core": "workspace:packages/@react-editor-js/core"
    "@types/react": "*"
    react: "*"
    tslib: ^2.3.1
    typescript: ^4.3.5
  peerDependencies:
    "@editorjs/editorjs": "*"
    "@editorjs/paragraph": "*"
    "@react-editor-js/core": "*"
    react: "*"
  languageName: unknown
  linkType: soft

"@react-editor-js/core@workspace:packages/@react-editor-js/core":
  version: 0.0.0-use.local
  resolution: "@react-editor-js/core@workspace:packages/@react-editor-js/core"
  dependencies:
    "@editorjs/editorjs": "*"
    react: "*"
    typescript: ^4.3.5
  peerDependencies:
    "@editorjs/editorjs": "*"
    react: "*"
  languageName: unknown
  linkType: soft

"@react-editor-js/server@workspace:packages/@react-editor-js/server":
  version: 0.0.0-use.local
  resolution: "@react-editor-js/server@workspace:packages/@react-editor-js/server"
  dependencies:
    "@react-editor-js/core": "workspace:packages/@react-editor-js/core"
    "@types/react": "*"
    react: "*"
    tslib: ^2.3.1
    typescript: ^4.3.5
  peerDependencies:
    "@react-editor-js/core": "*"
    react: "*"
  languageName: unknown
  linkType: soft

"@rollup/plugin-node-resolve@npm:^13.0.6":
  version: 13.0.6
  resolution: "@rollup/plugin-node-resolve@npm:13.0.6"
  dependencies:
    "@rollup/pluginutils": ^3.1.0
    "@types/resolve": 1.17.1
    builtin-modules: ^3.1.0
    deepmerge: ^4.2.2
    is-module: ^1.0.0
    resolve: ^1.19.0
  peerDependencies:
    rollup: ^2.42.0
  checksum: 0a30bc8809442d692e48d07634ec28795cd47d8280587113a82997f27054c2d20f1b9cbcb93af295be283c6dadabdca58d97a9a6b9da04461b0b04b38dd4f44e
  languageName: node
  linkType: hard

"@rollup/pluginutils@npm:^3.1.0":
  version: 3.1.0
  resolution: "@rollup/pluginutils@npm:3.1.0"
  dependencies:
    "@types/estree": 0.0.39
    estree-walker: ^1.0.1
    picomatch: ^2.2.2
  peerDependencies:
    rollup: ^1.20.0||^2.0.0
  checksum: 45da6411e045d1b034242a8144f4a5e8c02ff1b68a2e0857807f5bb4b091c416f2015e075057f0f0dec200e7b35efe6ed4e301b43e365cedea09192f01a6839b
  languageName: node
  linkType: hard

"@rollup/pluginutils@npm:^4.1.0":
  version: 4.1.1
  resolution: "@rollup/pluginutils@npm:4.1.1"
  dependencies:
    estree-walker: ^2.0.1
    picomatch: ^2.2.2
  checksum: 218d681f54ce2b372647124a7da260c8e4ff1ec2888ab128a71f67857ef791ca773d5fd122398fdc3cd652245d997bcf5f04dbad299f6df050bf3d62c3811bc3
  languageName: node
  linkType: hard

"@tootallnate/once@npm:1":
  version: 1.1.2
  resolution: "@tootallnate/once@npm:1.1.2"
  checksum: d030f3fb14e0373dbf5005d8f696ff34fda87bf56744bea611fc737449bfc0687ebcb28ee8ba4c6624877f51b18d701c0d417d793f406006a192f4721911d048
  languageName: node
  linkType: hard

"@types/estree@npm:0.0.39":
  version: 0.0.39
  resolution: "@types/estree@npm:0.0.39"
  checksum: 43e5361de39969def145f32f4599391ab13055ec94841f1633a7cfe10f0e8a940ebf0e9a4b2770454a6bddd034b57e7e0d51a4d565cb2714ee2accf10a7718be
  languageName: node
  linkType: hard

"@types/node@npm:*":
  version: 16.11.6
  resolution: "@types/node@npm:16.11.6"
  checksum: 52890a089f89ca9f20d6022c65aa747954040835436f1ceca62bdba1e2e604a86f8a2bbc4a5d54c975834092bb22f8e23832cd6b2d1b0abc0249e9f5035d86b4
  languageName: node
  linkType: hard

"@types/prop-types@npm:*":
  version: 15.7.4
  resolution: "@types/prop-types@npm:15.7.4"
  checksum: ef15c425a944f6b13824a87854cccf238e1b4cd0350b3124f4938406fe758fbdd6fadb2480d1388a00daeab61ce9888be5ca2b73da275f5dbc977143ff98e1eb
  languageName: node
  linkType: hard

"@types/react@npm:*":
  version: 17.0.33
  resolution: "@types/react@npm:17.0.33"
  dependencies:
    "@types/prop-types": "*"
    "@types/scheduler": "*"
    csstype: ^3.0.2
  checksum: ca343662dd2c1b323b5fa4f269334c786839a93b31a878d7a8a090be3a1ae65a7bd90992d0ebfb3aeb6e326d25c319cf4ae44fa7858dfbb8d953b099a91e59bd
  languageName: node
  linkType: hard

"@types/resolve@npm:1.17.1":
  version: 1.17.1
  resolution: "@types/resolve@npm:1.17.1"
  dependencies:
    "@types/node": "*"
  checksum: 8e72a73574f9489760662498c1ad512a8d4084a5db15f327e0d785cb277bb0a3146cd049241a8e3268bd0ed204ad3ee7b4a6b4622ef681e70547be9af258ca6a
  languageName: node
  linkType: hard

"@types/scheduler@npm:*":
  version: 0.16.2
  resolution: "@types/scheduler@npm:0.16.2"
  checksum: e78d1bb50ca9321a76826c0f5a5ed7f1b6e995597127993cad658bd18d7f7de4324cd7efdfd0140079ee212a05774bbbd95eecfdf72370d14023acb99b841a30
  languageName: node
  linkType: hard

"abbrev@npm:1":
  version: 1.1.1
  resolution: "abbrev@npm:1.1.1"
  checksum: 9f9236a3cc7f56c167be3aa81c77fcab2e08dfb8047b7861b91440f20b299b9442255856bdbe9d408d7e96a0b64a36e1c27384251126962490b4eee841b533e0
  languageName: node
  linkType: hard

"agent-base@npm:6, agent-base@npm:^6.0.2":
  version: 6.0.2
  resolution: "agent-base@npm:6.0.2"
  dependencies:
    debug: 4
  checksum: e77eff83e1308883118c7b6a866974dd4ef6be32ef7c91625d5337b13addb5699075c338942f5ecf598d7e5d179b81bf9c9fc644dfb9ca2db0facd9e6bf1238d
  languageName: node
  linkType: hard

"agentkeepalive@npm:^4.1.3":
  version: 4.1.4
  resolution: "agentkeepalive@npm:4.1.4"
  dependencies:
    debug: ^4.1.0
    depd: ^1.1.2
    humanize-ms: ^1.2.1
  checksum: c58f69d05ccf3943e70d458d0dfceacc0f85749743573f843075ec93948302801e7ef43436f6c70d0ed2d12f70f1b6c061eac5a3018513f850b839533dbcef0e
  languageName: node
  linkType: hard

"aggregate-error@npm:^3.0.0":
  version: 3.1.0
  resolution: "aggregate-error@npm:3.1.0"
  dependencies:
    clean-stack: ^2.0.0
    indent-string: ^4.0.0
  checksum: 704d2001a303c185e9b836d211f7eef2f4557195a11c3271143b4dcda5f6f263abe746d9b8a06b5871d07870686c7db9c0b2c38e2d3cbc593784eaaee8a29043
  languageName: node
  linkType: hard

"ansi-regex@npm:^2.0.0":
  version: 2.1.1
  resolution: "ansi-regex@npm:2.1.1"
  checksum: 93a53c923fd433f67cd3d5647dffa6790f37bbfb924cf73ad23e28a8e414bde142d1da260d9a2be52ac4aa382063196880b1d40cf8b547642c746ed538ebf6c4
  languageName: node
  linkType: hard

"ansi-regex@npm:^3.0.0":
  version: 3.0.0
  resolution: "ansi-regex@npm:3.0.0"
  checksum: 2e3c40d42904366e4a1a7b906ea3ae7968179a50916dfa0fd3e59fd12333c5d95970a9a59067ac3406d97c78784d591f0b841a4efd365dafb261327ae1ea3478
  languageName: node
  linkType: hard

"aproba@npm:^1.0.3":
  version: 1.2.0
  resolution: "aproba@npm:1.2.0"
  checksum: d4bac3e640af1f35eea8d5ee2b96ce2682549e47289f071aa37ae56066e19d239e43dea170c207d0f71586d7634099089523dd5701f26d4ded7b31dd5848a24a
  languageName: node
  linkType: hard

"are-we-there-yet@npm:~1.1.2":
  version: 1.1.5
  resolution: "are-we-there-yet@npm:1.1.5"
  dependencies:
    delegates: ^1.0.0
    readable-stream: ^2.0.6
  checksum: 2d6fdb0ddde9b8cb120b6851b42c75f6b6db78b540b579a00d144ad38cb9e1bdf1248e5454049fcf5b47ef61d1a6f2ea433a8e38984158afd441bc1e0db7a625
  languageName: node
  linkType: hard

"balanced-match@npm:^1.0.0":
  version: 1.0.2
  resolution: "balanced-match@npm:1.0.2"
  checksum: 690643f3009a04289ac401079de5a780aae452f7625fb2884051cc847b231e6521ee15dd6430b066d3cf4bd8bb00bb7ff55b7d134f34b8f0b8c043806796f94e
  languageName: node
  linkType: hard

"brace-expansion@npm:^1.1.7":
  version: 1.1.11
  resolution: "brace-expansion@npm:1.1.11"
  dependencies:
    balanced-match: ^1.0.0
    concat-map: 0.0.1
  checksum: 4c878e25e4858baf801945dfd63eb68feab2e502cf1122f25f3915c0e3bf397af3a93ff6bef0798db41c0d81ef28c08e55daac38058710f749a3b96eee6b8f40
  languageName: node
  linkType: hard

"builtin-modules@npm:^3.1.0":
  version: 3.2.0
  resolution: "builtin-modules@npm:3.2.0"
  checksum: f0e7240f70ae472a0a0167bf76d2e828c73028fe60be8cd229939c38a27527ea68c92f700553dac1316fa124af3037bc7a765ca0e029a03d2e9201dfb372ea24
  languageName: node
  linkType: hard

"cacache@npm:^15.2.0":
  version: 15.2.0
  resolution: "cacache@npm:15.2.0"
  dependencies:
    "@npmcli/move-file": ^1.0.1
    chownr: ^2.0.0
    fs-minipass: ^2.0.0
    glob: ^7.1.4
    infer-owner: ^1.0.4
    lru-cache: ^6.0.0
    minipass: ^3.1.1
    minipass-collect: ^1.0.2
    minipass-flush: ^1.0.5
    minipass-pipeline: ^1.2.2
    mkdirp: ^1.0.3
    p-map: ^4.0.0
    promise-inflight: ^1.0.1
    rimraf: ^3.0.2
    ssri: ^8.0.1
    tar: ^6.0.2
    unique-filename: ^1.1.1
  checksum: e7d6a93c34a409abb6050e4e09a103e859f0b53f592772a714e9e828f735cee8974cb36bd3e2d08fd78c2198d6d4b6005d0f1b3974e891a2ea4bd0ef02c80593
  languageName: node
  linkType: hard

"chownr@npm:^2.0.0":
  version: 2.0.0
  resolution: "chownr@npm:2.0.0"
  checksum: b06ba0bf4218bc2214cdb94a7d0200db5c6425f9425795c064dcf5a3801aac8ae87f764727890cd1f48c026559159e7e0e15ed3d1940ce453dec54898d013379
  languageName: node
  linkType: hard

"clean-stack@npm:^2.0.0":
  version: 2.2.0
  resolution: "clean-stack@npm:2.2.0"
  checksum: e291ce2b8c8c59e6449ac9a7a726090264bea6696e5343b21385e16d279c808ca09d73a1abea8fd23a9b7699e6ef5ce582df203511f71c8c27666bf3b2e300c5
  languageName: node
  linkType: hard

"code-point-at@npm:^1.0.0":
  version: 1.1.0
  resolution: "code-point-at@npm:1.1.0"
  checksum: 7d9837296e0f1c00239c88542f5a3e0bad11e45d3d0e8d9d097901fe54722dd5d2c006969077a287be8648a202c43f74e096f17552cbd897568308fba7b87ac0
  languageName: node
  linkType: hard

"codex-notifier@npm:^1.1.2":
  version: 1.1.2
  resolution: "codex-notifier@npm:1.1.2"
  checksum: 8c75f9d6a02c6895bd7b6fc2c8f694c9c5ab91ce377b7a618b170289cebe237a06b99ee90c3587fef25617deff57723c3068138fc3ba2e796a1b90b1cfa16a46
  languageName: node
  linkType: hard

"codex-tooltip@npm:^1.0.2":
  version: 1.0.2
  resolution: "codex-tooltip@npm:1.0.2"
  checksum: 1abe98c11b17b3a69f106692e6ecb3f81ddd10c018aaa36e1f8ce9764528dbf779ee02f40acda6fe7c22e8835ed1d6b7e13fdb984540c7ae1a34b9ccc6300e65
  languageName: node
  linkType: hard

"commondir@npm:^1.0.1":
  version: 1.0.1
  resolution: "commondir@npm:1.0.1"
  checksum: 98f18ad14f0ea38e0866db365bc8496f2a74250cf47ec96b94913e1b0574c99b4ff837a9f05dbc68d82505fd06b52dfba4f6bbe6fbda43094296cfaf33b475a0
  languageName: node
  linkType: hard

"concat-map@npm:0.0.1":
  version: 0.0.1
  resolution: "concat-map@npm:0.0.1"
  checksum: 554e28d9ee5aa6e061795473ee092cb3d3a2cbdb76c35416e0bb6e03f136d7d07676da387b2ed0ec4106cedbb6534080d9abc48ecc4a92b76406cf2d0c3c0c4b
  languageName: node
  linkType: hard

"console-control-strings@npm:^1.0.0, console-control-strings@npm:~1.1.0":
  version: 1.1.0
  resolution: "console-control-strings@npm:1.1.0"
  checksum: 58a404d951bf270494fb91e136cf064652c1208ccedac23e4da24e6a3a3933998f302cadc45cbf6582a007a4aa44dab944e84056b24e3b1964e9a28aeedf76c9
  languageName: node
  linkType: hard

"core-util-is@npm:~1.0.0":
  version: 1.0.2
  resolution: "core-util-is@npm:1.0.2"
  checksum: 089015ee3c462dfceba70faa1df83b42a7bb35db26dae6af283247b06fe3216c65fccd9f00eebcaf98300dc31e981d56aae9f90b624f8f6ff1153e235ff88b65
  languageName: node
  linkType: hard

"csstype@npm:^3.0.2":
  version: 3.0.9
  resolution: "csstype@npm:3.0.9"
  checksum: e5d6ebc4581d09537e620b78b6741b4b1ececc0eb3fec065be1d59d42685954276847969b9c3652e835553a33dd8a7995bbd5cc834c4142375de8b417a433880
  languageName: node
  linkType: hard

"debug@npm:4, debug@npm:^4.1.0, debug@npm:^4.3.1":
  version: 4.3.2
  resolution: "debug@npm:4.3.2"
  dependencies:
    ms: 2.1.2
  peerDependenciesMeta:
    supports-color:
      optional: true
  checksum: 5543570879e2274f6725d4285a034d6e0822d35faefc6f55965933fb440e8c21eb3a0bef934e66f4b6b491f898ee2de37cab980e9d4fd61372136c19d3ce4527
  languageName: node
  linkType: hard

"deepmerge@npm:^4.2.2":
  version: 4.2.2
  resolution: "deepmerge@npm:4.2.2"
  checksum: 85abf8e0045ee280996e7d2396979c877ef0741e413b716e42441110e0a83ac08098b2a49cea035510060bf667c0eae3189b2a52349f5fa4b000c211041637b1
  languageName: node
  linkType: hard

"delegates@npm:^1.0.0":
  version: 1.0.0
  resolution: "delegates@npm:1.0.0"
  checksum: 7459e34d29cadd9bfd340728bfcc70ea96da5d940fb197298b523f805822680e583cba3ec34d36a18004325f1ec9de55e202a92b414d01db18cd87bb8a2ae5bd
  languageName: node
  linkType: hard

"depd@npm:^1.1.2":
  version: 1.1.2
  resolution: "depd@npm:1.1.2"
  checksum: f45566ff7019a346852f095768a380778ed544de24e103b479fd5d3e61982d670efbb5234c09d0588d7fdb09c26c48283d7150e4be5e6ce5d3d37cd268d75c4d
  languageName: node
  linkType: hard

"encoding@npm:^0.1.12":
  version: 0.1.13
  resolution: "encoding@npm:0.1.13"
  dependencies:
    iconv-lite: ^0.6.2
  checksum: 282d5696a4916383b0f71a87375505e33ef0be0c3a30939fb559a878b691873d48acc61ee6dcbfacf3e68404ab4462e081bcfd0aa3c9a3f1fabb900306aad77d
  languageName: node
  linkType: hard

"env-paths@npm:^2.2.0":
  version: 2.2.1
  resolution: "env-paths@npm:2.2.1"
  checksum: 9579868bc73526de31682625d89aa08c83f3c87850218f9251f953bf4242428a1020e75cb201ca16b42f2874c3ca175ffc8aa47a88423b546711b7dbf86f79a8
  languageName: node
  linkType: hard

"err-code@npm:^2.0.2":
  version: 2.0.3
  resolution: "err-code@npm:2.0.3"
  checksum: 14e09e9990bcd0dd8e91881bf6e0ac6177b9cd72404951e443e8052f6272f276dbe1f3a34c7802fd6dee5276b34134b091665e18cebc9e1ce0a4519561f16c44
  languageName: node
  linkType: hard

"estree-walker@npm:^1.0.1":
  version: 1.0.1
  resolution: "estree-walker@npm:1.0.1"
  checksum: 85e7cee763e9125a7d8a947b3a06a8b9282873936df220dd0d791d9b3315e45e40ab096b43ba71bdc99140c11a6d23fdcf686642dc119a7b2d6181004fdb24d2
  languageName: node
  linkType: hard

"estree-walker@npm:^2.0.1":
  version: 2.0.2
  resolution: "estree-walker@npm:2.0.2"
  checksum: 378cc9d3be56962c5219c55ad1fde732cb7d55a11cde5acbf5995f39ddd0e98c1095a43c0ef15a520d1d6910e816bd3daff5fc5d7d38baaf8b12d5a2970df57c
  languageName: node
  linkType: hard

"find-cache-dir@npm:^3.3.1":
  version: 3.3.2
  resolution: "find-cache-dir@npm:3.3.2"
  dependencies:
    commondir: ^1.0.1
    make-dir: ^3.0.2
    pkg-dir: ^4.1.0
  checksum: 5330b819225a54a105c7e186ceea5f64d313f7e830aa0abeea7d419379b454c286fcdced2f25768c31e87b6621488bab99b3d64c74ca831f93f8018a8b79bbe2
  languageName: node
  linkType: hard

"find-up@npm:^4.0.0":
  version: 4.1.0
  resolution: "find-up@npm:4.1.0"
  dependencies:
    locate-path: ^5.0.0
    path-exists: ^4.0.0
  checksum: d612d28e02eaca6cd7128fc9bc9b456e2547a3f9875b2b2ae2dbdc6b8cec52bc2885efcb3ac6c18954e838f4c8e20565d196784b190e1d38565f9dc39aade722
  languageName: node
  linkType: hard

"fs-extra@npm:8.1.0":
  version: 8.1.0
  resolution: "fs-extra@npm:8.1.0"
  dependencies:
    graceful-fs: ^4.2.0
    jsonfile: ^4.0.0
    universalify: ^0.1.0
  checksum: 056a96d4f55ab8728b021e251175a4a6440d1edb5845e6c2e8e010019bde3e63de188a0eb99386c21c71804ca1a571cd6e08f507971f10a2bc4f4f7667720fa4
  languageName: node
  linkType: hard

"fs-minipass@npm:^2.0.0":
  version: 2.1.0
  resolution: "fs-minipass@npm:2.1.0"
  dependencies:
    minipass: ^3.0.0
  checksum: e14a490658621cf1f7d8cbf9e92a9cc4dc7ce050418e4817e877e4531c438223db79f7a1774668087428d665a3de95f87014ce36c8afdc841fea42bcb782abcb
  languageName: node
  linkType: hard

"fs.realpath@npm:^1.0.0":
  version: 1.0.0
  resolution: "fs.realpath@npm:1.0.0"
  checksum: 698a91b1695e3926185c9e5b0dd57cf687dceb4eb73799af91e6b2ab741735e2962c366c5af6403ffddae2619914193bd339efa706fdc984d0ffc74b7a3603f4
  languageName: node
  linkType: hard

"fsevents@patch:fsevents@~2.3.2#builtin<compat/fsevents>":
  version: 2.3.2
  resolution: "fsevents@patch:fsevents@npm%3A2.3.2#builtin<compat/fsevents>::version=2.3.2&hash=11e9ea"
  dependencies:
    node-gyp: latest
  checksum: 7b25d9251aefe433d508a0eb614217f0495ae05a9e8af15f7dbf9998e08c4e675acd1cf32361e0fcf71d917d9e8c4b76301fdc72a1ec1105a3ea0994f5e15a8d
  languageName: node
  linkType: hard

fsevents@~2.3.2:
  version: 2.3.2
  resolution: "fsevents@npm:2.3.2"
  dependencies:
    node-gyp: latest
  checksum: a1883f4ca12b8b403ec528f1a4cb312b0877eacd24719da535cabea78d6fdd78530e3538bdba590a1c0f6c295128f964a89182621885296353a44dcfa4f9db53
  languageName: node
  linkType: hard

"function-bind@npm:^1.1.1":
  version: 1.1.1
  resolution: "function-bind@npm:1.1.1"
  checksum: ffad86e7d2010ba179aaa6a3987d2cc0ed48fa92d27f1ed84bfa06d14f77deeed5bfbae7f00bdebc0c54218392cab2b18ecc080e2c72f592431927b87a27d42b
  languageName: node
  linkType: hard

"gauge@npm:~2.7.3":
  version: 2.7.4
  resolution: "gauge@npm:2.7.4"
  dependencies:
    aproba: ^1.0.3
    console-control-strings: ^1.0.0
    has-unicode: ^2.0.0
    object-assign: ^4.1.0
    signal-exit: ^3.0.0
    string-width: ^1.0.1
    strip-ansi: ^3.0.1
    wide-align: ^1.1.0
  checksum: b136dbeb8e40acaaddab6c71c9f34d3c9aa104efc538c8c0ddcd74b25efb8daeb8dca24a9b30626b477d66beccd3dee8dd31e25eb4c7c97ec58a3f1a82914be1
  languageName: node
  linkType: hard

"glob@npm:^7.1.3, glob@npm:^7.1.4":
  version: 7.1.7
  resolution: "glob@npm:7.1.7"
  dependencies:
    fs.realpath: ^1.0.0
    inflight: ^1.0.4
    inherits: 2
    minimatch: ^3.0.4
    once: ^1.3.0
    path-is-absolute: ^1.0.0
  checksum: 352f74f08247db5420161a2f68f2bd84b53228b5fcfc9dcc37cd54d3f19ec0232495d84aeff1286d0727059e9fdc1031400e00b971bdc59e30f8f82b199c9d02
  languageName: node
  linkType: hard

"graceful-fs@npm:^4.1.6, graceful-fs@npm:^4.2.0, graceful-fs@npm:^4.2.6":
  version: 4.2.6
  resolution: "graceful-fs@npm:4.2.6"
  checksum: 84d39c7756892553da990a9db7e45f844b3309b37b5a00174cbb4748476f2250c54f24594d4d252f64f085c65c2fdac7c809419bf6d55f0e6e42eb07ac0f5bf2
  languageName: node
  linkType: hard

"has-unicode@npm:^2.0.0":
  version: 2.0.1
  resolution: "has-unicode@npm:2.0.1"
  checksum: ed3719f95cbd7dada9e3fde6fad113eae6d317bc8e818a2350954914c098ca6eddb203261af2c291c49a14c52f83610becbc7ab8d569bee81261b9c260a435f2
  languageName: node
  linkType: hard

"has@npm:^1.0.3":
  version: 1.0.3
  resolution: "has@npm:1.0.3"
  dependencies:
    function-bind: ^1.1.1
  checksum: c686e15300d41364486c099a9259d9c418022c294244843dcd712c4c286ff839d4f23a25413baa28c4d2c1e828afc2aaab70f685400b391533980223c71fa1ca
  languageName: node
  linkType: hard

"http-cache-semantics@npm:^4.1.0":
  version: 4.1.0
  resolution: "http-cache-semantics@npm:4.1.0"
  checksum: 451df9784af2acbe0cc1fd70291285c08ca4a8966ab5ee4d3975e003d1ad4d74c81473086d628f31296b31221966fda8bc5ea1e29dd8f1f33f9fc2b0fdca65ca
  languageName: node
  linkType: hard

"http-proxy-agent@npm:^4.0.1":
  version: 4.0.1
  resolution: "http-proxy-agent@npm:4.0.1"
  dependencies:
    "@tootallnate/once": 1
    agent-base: 6
    debug: 4
  checksum: 6703aeb5c5d398d93757c38eb0d77df10239ff3fefee27614aad2831f06f9ca6c8b21c43e9ff02464b5284cba3c6cedefffd210750871277ebf652cbe3230566
  languageName: node
  linkType: hard

"https-proxy-agent@npm:^5.0.0":
  version: 5.0.0
  resolution: "https-proxy-agent@npm:5.0.0"
  dependencies:
    agent-base: 6
    debug: 4
  checksum: 18aa04ea08cc069fa0c83d03475d1bc43e13bfa43d5cffc0c3a07430f755e1ac914049570302775adac82aa5a779643ef2c6c270c057d7a8523a7f6f46b4866a
  languageName: node
  linkType: hard

"humanize-ms@npm:^1.2.1":
  version: 1.2.1
  resolution: "humanize-ms@npm:1.2.1"
  dependencies:
    ms: ^2.0.0
  checksum: 4a08769434132a229a6153e77c869a9fe7132dc003d90119d54958e7b75feb65a3c4eca19fb18921568878ac455b6f399013279ad33248d94bd61a25def1fdda
  languageName: node
  linkType: hard

"iconv-lite@npm:^0.6.2":
  version: 0.6.3
  resolution: "iconv-lite@npm:0.6.3"
  dependencies:
    safer-buffer: ">= 2.1.2 < 3.0.0"
  checksum: 9b4f24db662b717340ae20ec9ebbaf0648b378a2d0fc64aef83c6bccdd9918b622216c020e177ddf2d02eeff8456a732e85b6d989eb2cd3a40519f3e179b273c
  languageName: node
  linkType: hard

"imurmurhash@npm:^0.1.4":
  version: 0.1.4
  resolution: "imurmurhash@npm:0.1.4"
  checksum: 34d414d789286f6ef4d2b954c76c7df40dd7cabffef9b9959c8bd148677e98151f4fa5344aae2e3ad2b62308555ccbba3022e535a3e24288c9babb1308e35532
  languageName: node
  linkType: hard

"indent-string@npm:^4.0.0":
  version: 4.0.0
  resolution: "indent-string@npm:4.0.0"
  checksum: 3e54996c6e15ca00a7a4403be705bce4fb3bb4ac637da2e1473006e42a651863f53bfb8c3438c1b3aac77817768ac0cde0e7b7a81a6cf24a1286227a06510dbf
  languageName: node
  linkType: hard

"infer-owner@npm:^1.0.4":
  version: 1.0.4
  resolution: "infer-owner@npm:1.0.4"
  checksum: 56aa1d87b05936947765b1d9ace5f8d7ccd8cf6ccc1d69b67e8eaaee0e1ee2960d5accd51deb50d884665a5a1af3bcbb80f5d249c01a00280365bba59db9687b
  languageName: node
  linkType: hard

"inflight@npm:^1.0.4":
  version: 1.0.6
  resolution: "inflight@npm:1.0.6"
  dependencies:
    once: ^1.3.0
    wrappy: 1
  checksum: 17c53fc42cbe7f7f471d2bc41b97a0cde4b79a74d5ff59997d3f75210566fa278e17596da526d43de2bd07e222706240ce50e60097e54f2cde2e64cbbb372638
  languageName: node
  linkType: hard

"inherits@npm:2, inherits@npm:~2.0.3":
  version: 2.0.4
  resolution: "inherits@npm:2.0.4"
  checksum: 98426da247ddfc3dcd7d7daedd90c3ca32d5b08deca08949726f12d49232aef94772a07b36cf4ff833e105ae2ef931777f6de4a6dd8245a216b9299ad4a50bea
  languageName: node
  linkType: hard

"ip@npm:^1.1.5":
  version: 1.1.5
  resolution: "ip@npm:1.1.5"
  checksum: 3ad007368cf797ec9b73fbac0a644077198dd85a128d0fe39697a78a9cdd47915577eee5c4eca9933549b575ac4716107896c2d4aa43a1622b3f72104232cad4
  languageName: node
  linkType: hard

"is-core-module@npm:^2.2.0":
  version: 2.5.0
  resolution: "is-core-module@npm:2.5.0"
  dependencies:
    has: ^1.0.3
  checksum: 25cbd8f2477855f446b339d24c56d7b3e3809c1653c8a748b090384d7728a0b18cf128bff613a8f512f8340dc91c1f43abe5fa774d077925012bbfeb109fe215
  languageName: node
  linkType: hard

"is-fullwidth-code-point@npm:^1.0.0":
  version: 1.0.0
  resolution: "is-fullwidth-code-point@npm:1.0.0"
  dependencies:
    number-is-nan: ^1.0.0
  checksum: fc3d51ef082eaf0c0d44e94b74cf43b97446e008b147b08186daea8bd5ff402596f04b5fe4fa4c0457470beab5c2de8339c49c96b5be65fe9fdf88f60a0001e8
  languageName: node
  linkType: hard

"is-fullwidth-code-point@npm:^2.0.0":
  version: 2.0.0
  resolution: "is-fullwidth-code-point@npm:2.0.0"
  checksum: e1e5284f848ab6885665967cd768292a75022304d4401e78937a68f423047c29bfe87a43a9cdb67a3210fff7bcd5da51469122a0eff59b03261c379e58dbe921
  languageName: node
  linkType: hard

"is-lambda@npm:^1.0.1":
  version: 1.0.1
  resolution: "is-lambda@npm:1.0.1"
  checksum: 669ea37e8fafa800d076e7e7c64eadc9fd2a0607a3bc67e602d37092f2fec91c29929cdeec94e694607a88a2e0bdc7f8e122a9819dacadf05a9c5767c9672eb7
  languageName: node
  linkType: hard

"is-module@npm:^1.0.0":
  version: 1.0.0
  resolution: "is-module@npm:1.0.0"
  checksum: 2cbd41e2760874130b76aee84cc53120c4feef0d0f196fa665326857b444c8549909cc840f3f3a59652a7e8df46146a77f6c0f3f70a578704e03670975843e74
  languageName: node
  linkType: hard

"isarray@npm:~1.0.0":
  version: 1.0.0
  resolution: "isarray@npm:1.0.0"
  checksum: b0ff31a290e783f7b3fb73f2951ee7fc2946dc197b05f73577dc77f87dc3be2e0f66007bedf069123d4e5c4b691e7c89a241f6ca06f0c0f4765cdac5aa4b4047
  languageName: node
  linkType: hard

"isexe@npm:^2.0.0":
  version: 2.0.0
  resolution: "isexe@npm:2.0.0"
  checksum: 7b437980bb77881a146fba85cfbdf01edc2b148673e9c2722a1e49661fea73adf524430a80fdbfb8ce9f60d43224e682c657c45030482bd39e0c488fc29b4afe
  languageName: node
  linkType: hard

"js-tokens@npm:^3.0.0 || ^4.0.0":
  version: 4.0.0
  resolution: "js-tokens@npm:4.0.0"
  checksum: 1fc4e4667ac2d972aba65148b9cbf9c17566b2394d3504238d8492bbd3e68f496c657eab06b26b40b17db5cac0a34d153a12130e2d2d2bb6dc2cdc8a4764eb1b
  languageName: node
  linkType: hard

"jsonfile@npm:^4.0.0":
  version: 4.0.0
  resolution: "jsonfile@npm:4.0.0"
  dependencies:
    graceful-fs: ^4.1.6
  dependenciesMeta:
    graceful-fs:
      optional: true
  checksum: a40b7b64da41c84b0dc7ad753737ba240bb0dc50a94be20ec0b73459707dede69a6f89eb44b4d29e6994ed93ddf8c9b6e57f6b1f09dd707567959880ad6cee7f
  languageName: node
  linkType: hard

"locate-path@npm:^5.0.0":
  version: 5.0.0
  resolution: "locate-path@npm:5.0.0"
  dependencies:
    p-locate: ^4.1.0
  checksum: c58f49d45c8672d0a290dea0ce41fcb27205b3f2d61452ba335ef3b42ad36c10c31b1f061b46d96dd4b81e9a00e8a2897bc124d75623b80a9f6d36b1e754a6b5
  languageName: node
  linkType: hard

"loose-envify@npm:^1.1.0":
  version: 1.4.0
  resolution: "loose-envify@npm:1.4.0"
  dependencies:
    js-tokens: ^3.0.0 || ^4.0.0
  bin:
    loose-envify: cli.js
  checksum: 5c3b47bbe5f597a3889fb001a3a98aaea2a3fafa48089c19034de1e0121bf57dbee609d184478514d74d5c5a7e9cfa3d846343455e5123b060040d46c39e91dc
  languageName: node
  linkType: hard

"lru-cache@npm:^6.0.0":
  version: 6.0.0
  resolution: "lru-cache@npm:6.0.0"
  dependencies:
    yallist: ^4.0.0
  checksum: b8b78353d2391c0f135cdc245c4744ad41c2efb1a6d98f31bc57a2cf48ebf02de96e4876657c3026673576bf1f1f61fc3fdd77ab00ad1ead737537bf17d8019d
  languageName: node
  linkType: hard

"make-dir@npm:^3.0.2":
  version: 3.1.0
  resolution: "make-dir@npm:3.1.0"
  dependencies:
    semver: ^6.0.0
  checksum: 54b6f186c209c1b133d0d1710e6b04c41ebfcb0dac699e5a369ea1223f22c0574ef820b91db37cae6c245f5bda8aff9bfec94f6c23e7d75970446b34a58a79b0
  languageName: node
  linkType: hard

"make-fetch-happen@npm:^9.1.0":
  version: 9.1.0
  resolution: "make-fetch-happen@npm:9.1.0"
  dependencies:
    agentkeepalive: ^4.1.3
    cacache: ^15.2.0
    http-cache-semantics: ^4.1.0
    http-proxy-agent: ^4.0.1
    https-proxy-agent: ^5.0.0
    is-lambda: ^1.0.1
    lru-cache: ^6.0.0
    minipass: ^3.1.3
    minipass-collect: ^1.0.2
    minipass-fetch: ^1.3.2
    minipass-flush: ^1.0.5
    minipass-pipeline: ^1.2.4
    negotiator: ^0.6.2
    promise-retry: ^2.0.1
    socks-proxy-agent: ^6.0.0
    ssri: ^8.0.0
  checksum: d90f933ffbacd08bfa0ebc034a88c513b7afd45ec07f1fa02f08edb2a8c006903984e7626d97ebe99da5f4358a55fe72adee502a6e6b43b456c82e72ab4ea95f
  languageName: node
  linkType: hard

"minimatch@npm:^3.0.4":
  version: 3.0.4
  resolution: "minimatch@npm:3.0.4"
  dependencies:
    brace-expansion: ^1.1.7
  checksum: 47eab9263962cacd5733e274ecad2d8e54b0f8e124ba35ae69189e296058f634a4967b87a98954f86fa5c830ff177caf827ce0136d28717ed3232951fb4fae62
  languageName: node
  linkType: hard

"minipass-collect@npm:^1.0.2":
  version: 1.0.2
  resolution: "minipass-collect@npm:1.0.2"
  dependencies:
    minipass: ^3.0.0
  checksum: 529ef6212333e6b9afc6aa4487a246df6fd28a28e42060533491ebf58fddb349f9b044f017725bddf3e13cae3986c58c24ee2531832f62e6d97379846e04e0a8
  languageName: node
  linkType: hard

"minipass-fetch@npm:^1.3.2":
  version: 1.3.4
  resolution: "minipass-fetch@npm:1.3.4"
  dependencies:
    encoding: ^0.1.12
    minipass: ^3.1.0
    minipass-sized: ^1.0.3
    minizlib: ^2.0.0
  dependenciesMeta:
    encoding:
      optional: true
  checksum: c1a3d2b7a6082641601648ba309d1f878aaf6cb3f39f1468981dfe1fd30b96de8a0926128d4c2bff24aced21aff599f6fff8611a0084641d171063c6099d855d
  languageName: node
  linkType: hard

"minipass-flush@npm:^1.0.5":
  version: 1.0.5
  resolution: "minipass-flush@npm:1.0.5"
  dependencies:
    minipass: ^3.0.0
  checksum: d354ca0da834e3e79a1f0372d1cb86ba043a96b495624ed6360f7cd1f549e5685d9b292d4193a963497efcf4a4db8563e188cda565b119b8acc00852259e286c
  languageName: node
  linkType: hard

"minipass-pipeline@npm:^1.2.2, minipass-pipeline@npm:^1.2.4":
  version: 1.2.4
  resolution: "minipass-pipeline@npm:1.2.4"
  dependencies:
    minipass: ^3.0.0
  checksum: 001d5a4a0c14816230984e684e8458d972b92dae52255f17fbc2dae74965f544c3c64f93146c218413004e72acec7f57d0f6ee10a49377ad715cf7d389af710c
  languageName: node
  linkType: hard

"minipass-sized@npm:^1.0.3":
  version: 1.0.3
  resolution: "minipass-sized@npm:1.0.3"
  dependencies:
    minipass: ^3.0.0
  checksum: 747cb22e8a65dc84b819f8cdea4398ac30a3105d47f1db654ecd0b4c8124afddc58cbbd1166905d5279d89708692c0326689538b9795468e28bd330113e0d3c0
  languageName: node
  linkType: hard

"minipass@npm:^3.0.0, minipass@npm:^3.1.0, minipass@npm:^3.1.1, minipass@npm:^3.1.3":
  version: 3.1.3
  resolution: "minipass@npm:3.1.3"
  dependencies:
    yallist: ^4.0.0
  checksum: d12b95a845f15950bce7a77730c89400cf0c4f55e7066338da1d201ac148ece4ea8efa79e45a2c07c868c61bcaf9e996c4c3d6bf6b85c038ffa454521fc6ecd5
  languageName: node
  linkType: hard

"minizlib@npm:^2.0.0, minizlib@npm:^2.1.1":
  version: 2.1.2
  resolution: "minizlib@npm:2.1.2"
  dependencies:
    minipass: ^3.0.0
    yallist: ^4.0.0
  checksum: 5a45b57b3467e5a743d87a96d7be57598a6f72eb3b7eeac237074c566bd04278766ae03bb523c32f34581c565a19e74e54ec90c6ce0630a540787c755b4c4b4e
  languageName: node
  linkType: hard

"mkdirp@npm:^1.0.3, mkdirp@npm:^1.0.4":
  version: 1.0.4
  resolution: "mkdirp@npm:1.0.4"
  bin:
    mkdirp: bin/cmd.js
  checksum: 1aa3a6a2d7514f094a91329ec09994f5d32d2955a4985ecbb3d86f2aaeafc4aa11521f98d606144c1d49cd9835004d9a73342709b8c692c92e59eacf37412468
  languageName: node
  linkType: hard

"ms@npm:2.1.2":
  version: 2.1.2
  resolution: "ms@npm:2.1.2"
  checksum: 9b65fb709bc30c0c07289dcbdb61ca032acbb9ea5698b55fa62e2cebb04c5953f1876a1f3f7f4bc2e91d4bf4d86003f3e207c3bc6ee2f716f99827e62389cd0e
  languageName: node
  linkType: hard

"ms@npm:^2.0.0":
  version: 2.1.3
  resolution: "ms@npm:2.1.3"
  checksum: 6e721e648a544154d5de4c114b32f573d8027ca8ec505cf6c1105e505986d6ac46934a1256735aa0eece8eb2f5b2a1230503b2dddd3b100f9f016fd8a4f15f33
  languageName: node
  linkType: hard

"nanoid@npm:^3.1.22":
  version: 3.1.30
  resolution: "nanoid@npm:3.1.30"
  bin:
    nanoid: bin/nanoid.cjs
  checksum: 440f685e9890bd96433cf6c01535165b1e9677ba4a5c4179e1a61612f0b4c428cc628425fe232038b93304d15b191892d7ced9503fa558d1296e4e95fe80a627
  languageName: node
  linkType: hard

"negotiator@npm:^0.6.2":
  version: 0.6.2
  resolution: "negotiator@npm:0.6.2"
  checksum: 4b230bd15f0862d16c54ce0243fcfcf835ad59c8e58c467b4504dd28c9868cff71ff485b02cc575dc69dca819b58a1fadc9fb28403f45721f38a8fffde007d54
  languageName: node
  linkType: hard

"node-gyp@npm:latest":
  version: 8.3.0
  resolution: "node-gyp@npm:8.3.0"
  dependencies:
    env-paths: ^2.2.0
    glob: ^7.1.4
    graceful-fs: ^4.2.6
    make-fetch-happen: ^9.1.0
    nopt: ^5.0.0
    npmlog: ^4.1.2
    rimraf: ^3.0.2
    semver: ^7.3.5
    tar: ^6.1.2
    which: ^2.0.2
  bin:
    node-gyp: bin/node-gyp.js
  checksum: b79f8b8b40f37d6799561b2f737cc86b4e1f049cbcb90d93aeb2192268b482034dfc20f3eb66a62bdf74bd021ef9e646156f649583d0db0c2887953462668638
  languageName: node
  linkType: hard

"nopt@npm:^5.0.0":
  version: 5.0.0
  resolution: "nopt@npm:5.0.0"
  dependencies:
    abbrev: 1
  bin:
    nopt: bin/nopt.js
  checksum: e1523158fca7f99d0102cd4db7a651441968d7ffebb31e691dfa5dde546343126a29e50af12061cc4459940e6ecfb8d70887567a73c599799c3e1fc39e9647a1
  languageName: node
  linkType: hard

"npmlog@npm:^4.1.2":
  version: 4.1.2
  resolution: "npmlog@npm:4.1.2"
  dependencies:
    are-we-there-yet: ~1.1.2
    console-control-strings: ~1.1.0
    gauge: ~2.7.3
    set-blocking: ~2.0.0
  checksum: 0cd63f127c1bbda403a112e83b11804aaee2b58b0bc581c3bde9b82e4d957c7ed0ad3bee499af706cdd3599bb93669d7cbbf29fb500407d35fe75687ac96e2c0
  languageName: node
  linkType: hard

"number-is-nan@npm:^1.0.0":
  version: 1.0.1
  resolution: "number-is-nan@npm:1.0.1"
  checksum: 42251b2653a16f8b47639d93c3b646fff295a4582a6b3a2fc51a651d4511427c247629709063d19befbceb8a3db1a8e9f17016b3a207291e79e4bd1413032918
  languageName: node
  linkType: hard

"object-assign@npm:^4.1.0, object-assign@npm:^4.1.1":
  version: 4.1.1
  resolution: "object-assign@npm:4.1.1"
  checksum: 66cf021898fc1b13ea573ea8635fbd5a76533f50cecbc2fcd5eee1e8029af41bcebe7023788b6d0e06cbe4401ecea075d972f78ec74467cdc571a0f1a4d1a081
  languageName: node
  linkType: hard

"once@npm:^1.3.0":
  version: 1.4.0
  resolution: "once@npm:1.4.0"
  dependencies:
    wrappy: 1
  checksum: 57afc246536cf6494437f982b26475f22bee860f8b77ce8eb1543f42a8bffe04b2c66ddfea9a16cb25ccb80943f8ee4fc639367ef97b7a6a4f2672eb573963f5
  languageName: node
  linkType: hard

"p-limit@npm:^2.2.0":
  version: 2.3.0
  resolution: "p-limit@npm:2.3.0"
  dependencies:
    p-try: ^2.0.0
  checksum: 5f20492a25c5f93fca2930dbbf41fa1bee46ef70eaa6b49ad1f7b963f309e599bc40507e0a3a531eee4bcd10fec4dd4a63291d0e3b2d84ac97d7403d43d271a9
  languageName: node
  linkType: hard

"p-locate@npm:^4.1.0":
  version: 4.1.0
  resolution: "p-locate@npm:4.1.0"
  dependencies:
    p-limit: ^2.2.0
  checksum: 57f9abef0b29f02ff88c0936a392c9a1fbdd08169e636e0d85b7407c108014d71578c0c6fe93fa49b5bf3857b20d6f16b96389e2b356f7f599d4d2150505844f
  languageName: node
  linkType: hard

"p-map@npm:^4.0.0":
  version: 4.0.0
  resolution: "p-map@npm:4.0.0"
  dependencies:
    aggregate-error: ^3.0.0
  checksum: d51e630d72b7c38bc9e396710e7a068f0b813fe4db6f4a2d1ce2972e7fa11142c763c3aa39bcfd77c0133688c1ebfdd9b38fa3ac4c6ada20b62df26239c5c0e4
  languageName: node
  linkType: hard

"p-try@npm:^2.0.0":
  version: 2.2.0
  resolution: "p-try@npm:2.2.0"
  checksum: 20983f3765466c1ab617ed153cb53b70ac5df828d854a3334d185e20b37f436e9096f12bc1b7fc96d8908dc927a3685172d3d89e755774f57b7103460c54dcc5
  languageName: node
  linkType: hard

"path-exists@npm:^4.0.0":
  version: 4.0.0
  resolution: "path-exists@npm:4.0.0"
  checksum: 6ab15000c5bea4f3e6e6b651983276e27ee42907ea29f5bd68f0d5c425c22f1664ab53c355099723f59b0bfd31aa52d29ea499e1843bf62543e045698f4c77b2
  languageName: node
  linkType: hard

"path-is-absolute@npm:^1.0.0":
  version: 1.0.1
  resolution: "path-is-absolute@npm:1.0.1"
  checksum: 907e1e3e6ac0aef6e65adffd75b3892191d76a5b94c5cf26b43667c4240531d11872ca6979c209b2e5e1609f7f579d02f64ba9936b48bb59d36cc529f0d965ed
  languageName: node
  linkType: hard

"path-parse@npm:^1.0.6":
  version: 1.0.7
  resolution: "path-parse@npm:1.0.7"
  checksum: 6de0bfa37b4f09af465ff3900fb4104ca9cb1e1fa5cbe869c40cedd10d5d625d04c284afc34967830eee780bf83fd69c017d72a23ffd35718ec861192ec91dd9
  languageName: node
  linkType: hard

"picomatch@npm:^2.2.2":
  version: 2.3.0
  resolution: "picomatch@npm:2.3.0"
  checksum: 80113a0fb70cfa62730d5aa3fd3d45b76bf3985f8494080ab2de1cc1fa3ba96d77990c7553a81401e16c51c0eb19c27cf5bc94f2196155090f26c8a167968001
  languageName: node
  linkType: hard

"pkg-dir@npm:^4.1.0":
  version: 4.2.0
  resolution: "pkg-dir@npm:4.2.0"
  dependencies:
    find-up: ^4.0.0
  checksum: 1956ebf3cf5cc36a5d20e93851fcadd5a786774eb08667078561e72e0ab8ace91fc36a028d5305f0bfe7c89f9bf51886e2a3c8cb2c2620accfa3feb8da3c256b
  languageName: node
  linkType: hard

"prettier@npm:^2.3.2":
  version: 2.3.2
  resolution: "prettier@npm:2.3.2"
  bin:
    prettier: bin-prettier.js
  checksum: 4fd89a7f6a12b13456d359fba2b1dd0fc0a17cf33f8f15953ab9f43b21ea9b09b5a2861d63b558ca0577274ce606d390e70628cf93e26d19d6cb7f19c9eebc31
  languageName: node
  linkType: hard

"process-nextick-args@npm:~2.0.0":
  version: 2.0.1
  resolution: "process-nextick-args@npm:2.0.1"
  checksum: ddeb0f07d0d5efa649c2c5e39d1afd0e3668df2b392d036c8a508b0034f7beffbc474b3c2f7fd3fed2dc4113cef8f1f7e00d05690df3c611b36f6c7efd7852d1
  languageName: node
  linkType: hard

"promise-inflight@npm:^1.0.1":
  version: 1.0.1
  resolution: "promise-inflight@npm:1.0.1"
  checksum: c06bce0fc60b1c7979f291e489b9017db9c15f872d5cef0dfbb2b56694e9db574bc5c28f332a7033cdbd3a1d6417c5a1ee03889743638f0241e82e5a6b9c277f
  languageName: node
  linkType: hard

"promise-retry@npm:^2.0.1":
  version: 2.0.1
  resolution: "promise-retry@npm:2.0.1"
  dependencies:
    err-code: ^2.0.2
    retry: ^0.12.0
  checksum: 325e99d059fc624129c020507047a9aeadb988d03fd2165829af7c43af9c6d0510f2ccddb68efa0bac607d4c43591b3af8b1207db132986bfa458f78549ea4f1
  languageName: node
  linkType: hard

"react-editor-js@workspace:packages/react-editor-js":
  version: 0.0.0-use.local
  resolution: "react-editor-js@workspace:packages/react-editor-js"
  dependencies:
    "@react-editor-js/client": "workspace:packages/@react-editor-js/client"
    "@react-editor-js/server": "workspace:packages/@react-editor-js/server"
    tslib: ^2.3.1
    typescript: ^4.3.5
  peerDependencies:
    "@react-editor-js/client": "*"
    "@react-editor-js/server": "*"
  languageName: unknown
  linkType: soft

"react@npm:*":
  version: 17.0.2
  resolution: "react@npm:17.0.2"
  dependencies:
    loose-envify: ^1.1.0
    object-assign: ^4.1.1
  checksum: 7d0dfebafe1d297503157abb2e9acdb49852185deb8700c16f4a6faad87642f84903ab18cfc16f40b9a0dfe97540f99834982ee953e6d48b39c41608dc3e4b29
  languageName: node
  linkType: hard

"readable-stream@npm:^2.0.6":
  version: 2.3.7
  resolution: "readable-stream@npm:2.3.7"
  dependencies:
    core-util-is: ~1.0.0
    inherits: ~2.0.3
    isarray: ~1.0.0
    process-nextick-args: ~2.0.0
    safe-buffer: ~5.1.1
    string_decoder: ~1.1.1
    util-deprecate: ~1.0.1
  checksum: 6e3826560627a751feb3a8aec073ef94c6e47b8c8e06eb5d136323b5f09db9d2077c23a42a8d54ed0123695af54b36c1e4271a8ec55112b15f4b89020d8dec72
  languageName: node
  linkType: hard

"resolve@1.20.0, resolve@^1.19.0":
  version: 1.20.0
  resolution: "resolve@npm:1.20.0"
  dependencies:
    is-core-module: ^2.2.0
    path-parse: ^1.0.6
  checksum: 0f5206d454b30e74d9b2d575b5f8aedf443c4d8b90b84cdf79474ade29bb459075220da3127b682896872a16022ed65cc4db09e0f23849654144d3d75c65cd1b
  languageName: node
  linkType: hard

"resolve@patch:resolve@1.20.0#builtin<compat/resolve>, resolve@patch:resolve@^1.19.0#builtin<compat/resolve>":
  version: 1.20.0
  resolution: "resolve@patch:resolve@npm%3A1.20.0#builtin<compat/resolve>::version=1.20.0&hash=3388aa"
  dependencies:
    is-core-module: ^2.2.0
    path-parse: ^1.0.6
  checksum: c4a515b76026806b5b26513fc7bdb80458c532bc91c02ef45ac928d1025585f93bec0b904be39c02131118a37ff7e3f9258f1526850b025d2ec0948bb5fd03d0
  languageName: node
  linkType: hard

"retry@npm:^0.12.0":
  version: 0.12.0
  resolution: "retry@npm:0.12.0"
  checksum: 51f2fddddb2f157a0738c53c515682813a881df566da36992f3cf0a975ea84a19434c5abbc682056e97351540bcc7ea38fce2622d0b191c3b5cc1020b71ea0f2
  languageName: node
  linkType: hard

"rimraf@npm:^3.0.2":
  version: 3.0.2
  resolution: "rimraf@npm:3.0.2"
  dependencies:
    glob: ^7.1.3
  bin:
    rimraf: bin.js
  checksum: f0de3e445581e64a8a077af476cc30708e659f5779ec2ca2a161556d0792aa318a685923798ae22055b4ecd02b9aff444ef619578f7af53cf8e0e248031e3dee
  languageName: node
  linkType: hard

"rollup-plugin-typescript2@npm:^0.30.0":
  version: 0.30.0
  resolution: "rollup-plugin-typescript2@npm:0.30.0"
  dependencies:
    "@rollup/pluginutils": ^4.1.0
    find-cache-dir: ^3.3.1
    fs-extra: 8.1.0
    resolve: 1.20.0
    tslib: 2.1.0
  peerDependencies:
    rollup: ">=1.26.3"
    typescript: ">=2.4.0"
  checksum: 3bf7a4d398f53461d6486ddb92f3649e646a6d1f89340090bb242764e9ba09e97d48659ffa9135e3c8b898d9ed3bcca9269e0d6beaef4e44659ae06791f79bea
  languageName: node
  linkType: hard

"rollup@npm:^2.58.3":
  version: 2.58.3
  resolution: "rollup@npm:2.58.3"
  dependencies:
    fsevents: ~2.3.2
  dependenciesMeta:
    fsevents:
      optional: true
  bin:
    rollup: dist/bin/rollup
  checksum: eec5bca932e56951077468b2ab0f49043056585bff910193f0047682f7e2f418fc30ab2515eae39219460cf6f98a40dd08c4a3230ac866a1b7da3e4fa360f556
  languageName: node
  linkType: hard

"root-workspace-0b6124@workspace:.":
  version: 0.0.0-use.local
  resolution: "root-workspace-0b6124@workspace:."
  dependencies:
    "@rollup/plugin-node-resolve": ^13.0.6
    prettier: ^2.3.2
    rollup: ^2.58.3
    rollup-plugin-typescript2: ^0.30.0
    typescript: ^4.3.5
  languageName: unknown
  linkType: soft

"safe-buffer@npm:~5.1.0, safe-buffer@npm:~5.1.1":
  version: 5.1.2
  resolution: "safe-buffer@npm:5.1.2"
  checksum: 2708587c1b5e70a5e420714ceb59f30f5791c6e831d39812125a008eca63a4ac18578abd020a0776ea497ff03b4543f2b2a223a7b9073bf2d6c7af9ec6829218
  languageName: node
  linkType: hard

"safer-buffer@npm:>= 2.1.2 < 3.0.0":
  version: 2.1.2
  resolution: "safer-buffer@npm:2.1.2"
  checksum: 549ba83f5b314b59898efe3422120ce1ca7987a6eae5925a5fa5db930dc414d4a9dde0a5594f89638cd6ea60b6840ea961872908933ac2428d1726489db46fa5
  languageName: node
  linkType: hard

"semver@npm:^6.0.0":
  version: 6.3.0
  resolution: "semver@npm:6.3.0"
  bin:
    semver: ./bin/semver.js
  checksum: f0d155c06a67cc7e500c92d929339f1c6efd4ce9fe398aee6acc00a2333489cca0f5b4e76ee7292beba237fcca4b5a3d4a6153471f105f56299801bdab37289f
  languageName: node
  linkType: hard

"semver@npm:^7.3.5":
  version: 7.3.5
  resolution: "semver@npm:7.3.5"
  dependencies:
    lru-cache: ^6.0.0
  bin:
    semver: bin/semver.js
  checksum: c53624ddf4b9779bcbf55a1eb8b37074cc44bfeca416f3cc263429408202a8a3c59b00eef8c647d697303bc39b95c022a5c61959221d3814bfb1270ff7c14986
  languageName: node
  linkType: hard

"set-blocking@npm:~2.0.0":
  version: 2.0.0
  resolution: "set-blocking@npm:2.0.0"
  checksum: 0ac2403b0c2d39bf452f6d5d17dfd3cb952b9113098e1231cc0614c436e2f465637e39d27cf3b93556f5c59795e9790fd7e98da784c5f9919edeba4295ffeb29
  languageName: node
  linkType: hard

"signal-exit@npm:^3.0.0":
  version: 3.0.3
  resolution: "signal-exit@npm:3.0.3"
  checksum: f8f3fec95c8d1f9ad7e3cce07e1195f84e7a85cdcb4e825e8a2b76aa5406a039083d2bc9662b3cf40e6948262f41277047d20e6fbd58c77edced0b18fab647d8
  languageName: node
  linkType: hard

"smart-buffer@npm:^4.1.0":
  version: 4.1.0
  resolution: "smart-buffer@npm:4.1.0"
  checksum: 00a23d82a20eced9622cbba18ba781f9f8968ccfa70af7a33336ae55f54651c073aa072084c521f7e78199767e5b3584a0bbf3a47bb60e3e5b79ea4fc1ca61a1
  languageName: node
  linkType: hard

"socks-proxy-agent@npm:^6.0.0":
  version: 6.1.0
  resolution: "socks-proxy-agent@npm:6.1.0"
  dependencies:
    agent-base: ^6.0.2
    debug: ^4.3.1
    socks: ^2.6.1
  checksum: fd155d115f02305e5e03d1b726956c60e3104daa0f9cbeab41b844e4662e93a34098b5616d1df82652f4756a2233d63cb4a24975639c76853d8f6feb691ef9d1
  languageName: node
  linkType: hard

"socks@npm:^2.6.1":
  version: 2.6.1
  resolution: "socks@npm:2.6.1"
  dependencies:
    ip: ^1.1.5
    smart-buffer: ^4.1.0
  checksum: 9a5735cf9be6f756006b4c5ed23f17c15ffbfc0afb04b5d1b49516b7a27818c807a6a5b5419a65a140a1964149ec9ebb6cd8f0e06d7c60282912204d781371db
  languageName: node
  linkType: hard

"ssri@npm:^8.0.0, ssri@npm:^8.0.1":
  version: 8.0.1
  resolution: "ssri@npm:8.0.1"
  dependencies:
    minipass: ^3.1.1
  checksum: d45f9a1d5676f8ebd888a3ae469772d75858e4095087217c2361a6b07a6eefd5a85350bb0fed63128b0025fdf242e81813be0979e6cb956a38dbf26295dca09c
  languageName: node
  linkType: hard

"string-width@npm:^1.0.1":
  version: 1.0.2
  resolution: "string-width@npm:1.0.2"
  dependencies:
    code-point-at: ^1.0.0
    is-fullwidth-code-point: ^1.0.0
    strip-ansi: ^3.0.0
  checksum: b11745daa9398a1b3bb37ffa64263f9869c5f790901ed1242decb08171785346447112ead561cffde6b222a5ebeab9d2b382c72ae688859e852aa29325ca9d0b
  languageName: node
  linkType: hard

"string-width@npm:^1.0.2 || 2":
  version: 2.1.1
  resolution: "string-width@npm:2.1.1"
  dependencies:
    is-fullwidth-code-point: ^2.0.0
    strip-ansi: ^4.0.0
  checksum: 906b4887c39d247e9d12dfffb42bfe68655b52d27758eb13e069dce0f4cf2e7f82441dbbe44f7279298781e6f68e1c659451bd4d9e2bbe9d487a157ad14ae1bd
  languageName: node
  linkType: hard

"string_decoder@npm:~1.1.1":
  version: 1.1.1
  resolution: "string_decoder@npm:1.1.1"
  dependencies:
    safe-buffer: ~5.1.0
  checksum: bc2dc169d83df1b9e94defe7716bcad8a19ffe8211b029581cb0c6f9e83a6a7ba9ec3be38d179708a8643c692868a2b8b004ab159555dc26089ad3fa7b2158f5
  languageName: node
  linkType: hard

"strip-ansi@npm:^3.0.0, strip-ansi@npm:^3.0.1":
  version: 3.0.1
  resolution: "strip-ansi@npm:3.0.1"
  dependencies:
    ansi-regex: ^2.0.0
  checksum: 98772dcf440d08f65790ee38cd186b1f139fa69b430e75f9d9c11f97058662f82a22c2ba03a30f502f948958264e99051524fbf1819edaa8a8bbb909ece297da
  languageName: node
  linkType: hard

"strip-ansi@npm:^4.0.0":
  version: 4.0.0
  resolution: "strip-ansi@npm:4.0.0"
  dependencies:
    ansi-regex: ^3.0.0
  checksum: 9ac63872c2ba5e8a946c6f3a9c1ab81db5b43bce0d24a33b016e5666d3efda421f721447a1962611053a3ca1595b8742b0216fcc25886958d4565b7afcd27013
  languageName: node
  linkType: hard

"tar@npm:^6.0.2":
  version: 6.1.0
  resolution: "tar@npm:6.1.0"
  dependencies:
    chownr: ^2.0.0
    fs-minipass: ^2.0.0
    minipass: ^3.0.0
    minizlib: ^2.1.1
    mkdirp: ^1.0.3
    yallist: ^4.0.0
  checksum: d1d988eceb1ad2ecfaaf6fc5ecfe0c46fa005d04fe4c283355ccc52d3ffb4b6bf459a62f9ac7e36fd35251ab020399bdf527ab48b968120e06b4f61906a87d62
  languageName: node
  linkType: hard

"tar@npm:^6.1.2":
  version: 6.1.11
  resolution: "tar@npm:6.1.11"
  dependencies:
    chownr: ^2.0.0
    fs-minipass: ^2.0.0
    minipass: ^3.0.0
    minizlib: ^2.1.1
    mkdirp: ^1.0.3
    yallist: ^4.0.0
  checksum: f6cd9b0d7cfc2d715f28aa9911d244d91762dd905079988b1d549ea2c147281d7c9ab4adb590535665a80d5478518a0a8e8b7a9295b81043a9a1c180684f3a25
  languageName: node
  linkType: hard

"tslib@npm:2.1.0":
  version: 2.1.0
  resolution: "tslib@npm:2.1.0"
  checksum: d8f5bdd067611651c6b846c2388f4dc8ba1f5af124e66105f5263d1ad56da17f4b8c6566887ca2f205c5a9758451871ceca87d5d06087af2dca1699c5e33db69
  languageName: node
  linkType: hard

"tslib@npm:^2.3.1":
  version: 2.3.1
  resolution: "tslib@npm:2.3.1"
  checksum: 5ae2f209c5127bad284974c78916f02c72082615f65889a7ed0c7ca6d5f935c30338a0ee7310e1d9652dabc7b7507fd2905035487446d09d45fc1f19de71cf05
  languageName: node
  linkType: hard

typescript@^4.3.5:
  version: 4.3.5
  resolution: "typescript@npm:4.3.5"
  bin:
    tsc: bin/tsc
    tsserver: bin/tsserver
  checksum: d9a8e78d72dd19896e6bfa73ab2a0fcea6eca2700d1d6e7c33f67a970af54a3e0fed8f715a8c4e6a0ff7fc0995067b394b2003518ab0aa84cd396377e54b760c
  languageName: node
  linkType: hard

"typescript@patch:typescript@^4.3.5#builtin<compat/typescript>":
  version: 4.3.5
  resolution: "typescript@patch:typescript@npm%3A4.3.5#builtin<compat/typescript>::version=4.3.5&hash=ddfc1b"
  bin:
    tsc: bin/tsc
    tsserver: bin/tsserver
  checksum: 7f0b8343f71ecac18095be1476b398aca420ab60dc207cc1efe078f381eef5527b80a518297720257114cdbda65612f8839e4b63e85dc95e67ac5cbbade8bdf0
  languageName: node
  linkType: hard

"unique-filename@npm:^1.1.1":
  version: 1.1.1
  resolution: "unique-filename@npm:1.1.1"
  dependencies:
    unique-slug: ^2.0.0
  checksum: 0e674206bdda0c949b4ef86b073ba614f11de6141310834a236860888e592826da988837a7277f91a943752a691c5ab7ab939a19e7c0a5d7fcf1b7265720bf86
  languageName: node
  linkType: hard

"unique-slug@npm:^2.0.0":
  version: 2.0.2
  resolution: "unique-slug@npm:2.0.2"
  dependencies:
    imurmurhash: ^0.1.4
  checksum: 3b17dabc13b3cc41897715e106d4403b88c225739e70bbb6d1142e0fb680261b20574cae133b0ac0eedcf514fc19766d6fa37411f9e9ee038daaa4ae83e7cd70
  languageName: node
  linkType: hard

"universalify@npm:^0.1.0":
  version: 0.1.2
  resolution: "universalify@npm:0.1.2"
  checksum: 420fc6547357782c700d53e9a92506a8e95345b13e97684c8f9ab75237912ec2ebb6af8ac10d4f7406b7b6bd21c58f6c5c0811414fb0b4091b78b4743fa6806e
  languageName: node
  linkType: hard

"util-deprecate@npm:~1.0.1":
  version: 1.0.2
  resolution: "util-deprecate@npm:1.0.2"
  checksum: 73c2b1cf0210ccac300645384d8443cabbd93194117b2dc1b3bae8d8279ad39aedac857e020c4ea505e96a1045059c7359db3df6a9df0be6b8584166c9d61dc9
  languageName: node
  linkType: hard

"which@npm:^2.0.2":
  version: 2.0.2
  resolution: "which@npm:2.0.2"
  dependencies:
    isexe: ^2.0.0
  bin:
    node-which: ./bin/node-which
  checksum: ea9b1db1266b08f7880717cf70dd9012dd523e5a317f10fbe4d5e8c1a761c5fd237f88642f2ba33b23f973ff4002c9b26648d63084ab208d8ecef36497315f6e
  languageName: node
  linkType: hard

"wide-align@npm:^1.1.0":
  version: 1.1.3
  resolution: "wide-align@npm:1.1.3"
  dependencies:
    string-width: ^1.0.2 || 2
  checksum: 4f850f84da84b7471d7b92f55e381e7ba286210470fe77a61e02464ef66d10e96057a0d137bc013fbbedb7363a26e79c0e8b21d99bb572467d3fee0465b8fd27
  languageName: node
  linkType: hard

"wrappy@npm:1":
  version: 1.0.2
  resolution: "wrappy@npm:1.0.2"
  checksum: 519fcda0fcdf0c16327be2de9d98646742307bc830277e8868529fcf7566f2b330a6453c233e0cdcb767d5838dd61a90984a02ecc983bcddebea5ad0833bbf98
  languageName: node
  linkType: hard

"yallist@npm:^4.0.0":
  version: 4.0.0
  resolution: "yallist@npm:4.0.0"
  checksum: a2960ef879af6ee67a76cae29bac9d8bffeb6e9e366c217dbd21464e7fce071933705544724f47e90ba5209cf9c83c17d5582dd04415d86747a826b2a231efb8
  languageName: node
  linkType: hard
